{
  "lockfileVersion": 1,
  "configVersion": 1,
  "workspaces": {
    "": {
      "name": "@lobomfz/ghostapi",
      "dependencies": {
        "@lobomfz/kysely-bun-sqlite": "^0.4.1",
        "@standard-schema/spec": "^1.1.0",
      },
      "devDependencies": {
        "@types/bun": "latest",
        "oxfmt": "^0.19.0",
        "oxlint": "^1.34.0",
        "redaxios": "^0.5.1",
        "zod": "^4.2.1",
      },
      "peerDependencies": {
        "elysia": "^1.0.0",
        "kysely": "^0.27.0",
      },
    },
  },
  "packages": {
    "@borewit/text-codec": ["@borewit/text-codec@0.1.1", "", {}, "sha512-5L/uBxmjaCIX5h8Z+uu+kA9BQLkc/Wl06UGR5ajNRxu+/XjonB5i8JpgFMrPj3LXTCPA0pv8yxUvbUi+QthGGA=="],

    "@lobomfz/kysely-bun-sqlite": ["@lobomfz/kysely-bun-sqlite@0.4.1", "", { "dependencies": { "bun-types": "^1.1.31" }, "peerDependencies": { "kysely": "^0.28.2" } }, "sha512-EWFiZggmBvTe2d9Q64LIwm0CR9OuKu5Kom7jPRVX0DFVbxjn6tFz14vkOO2Yc1RyN2OC2SwY1Zd0ALz0GhlB8A=="],

    "@oxfmt/darwin-arm64": ["@oxfmt/darwin-arm64@0.19.0", "", { "os": "darwin", "cpu": "arm64" }, "sha512-FfNpn3ximwbBZCaS8WL2vAXcFuQFQgvv/brO6D1WdmL4pnFOgfBIpFfkeFnKfdmdpxtg9O0wF8NTcdw5Iyl2Bg=="],

    "@oxfmt/darwin-x64": ["@oxfmt/darwin-x64@0.19.0", "", { "os": "darwin", "cpu": "x64" }, "sha512-31FWUHAgTdTzOslz0zoA60UDEdeZZpeM6wTzCdffetwLbHkK8ZuCuzd+DauHZPNlSU8G72iw4lF7Zve9pSkK9w=="],

    "@oxfmt/linux-arm64-gnu": ["@oxfmt/linux-arm64-gnu@0.19.0", "", { "os": "linux", "cpu": "arm64" }, "sha512-BkU9h39xKj/8uko82uFDJUharM8VxZO+uXKglpBnEC8XxWRzXocVCX4wpLT/Tfk4NyBy6fRM9DeISdZvQKZCjA=="],

    "@oxfmt/linux-arm64-musl": ["@oxfmt/linux-arm64-musl@0.19.0", "", { "os": "linux", "cpu": "arm64" }, "sha512-wWYk6Z/3iC+0zZAUkVCcEHui/IsUqsl+GEm9o6H7oARPLisXajbwCQcmqYslUD7eK6OXdYoWriBkEvSX/5dU4A=="],

    "@oxfmt/linux-x64-gnu": ["@oxfmt/linux-x64-gnu@0.19.0", "", { "os": "linux", "cpu": "x64" }, "sha512-EB/b3or437E3uDie8QxeU3eA502JcmR1koyIBcH9rFidY0cMik58xvw54tXCY3WpMRxEXf37aHZzUSDP3qJnZg=="],

    "@oxfmt/linux-x64-musl": ["@oxfmt/linux-x64-musl@0.19.0", "", { "os": "linux", "cpu": "x64" }, "sha512-htMB45orYoa1oFSjSmoGgcBDsD47/0joDfqpa8TrTDI5qsW5kAedpFR5wSce8Is9oj7SJ07omhOj96P/QiekWA=="],

    "@oxfmt/win32-arm64": ["@oxfmt/win32-arm64@0.19.0", "", { "os": "win32", "cpu": "arm64" }, "sha512-x7+3Eh/VWdXEda+BUmAKYlhGrRJVera7RfWw47Yx8PJUGtNqBfeYGDbf0W59ceK8Z3bY3OinrmOO3d1jOuXzMQ=="],

    "@oxfmt/win32-x64": ["@oxfmt/win32-x64@0.19.0", "", { "os": "win32", "cpu": "x64" }, "sha512-X+FKXBg2jx4CxF5SJs3xpx1msMw5JfxaGD5qBZYqlHGdryQsy6zUY+bQwDDcuy3Ic/WNGD8ZNEuggeYNE7jx/Q=="],

    "@oxlint/darwin-arm64": ["@oxlint/darwin-arm64@1.34.0", "", { "os": "darwin", "cpu": "arm64" }, "sha512-euz3Dtp5/UE9axFkQnllOWp3gOwoqaxfZPUUwiW8HBelqhI9PRMVIfQ/akmwl+G5XixQZIgXkXQ5SJxnb1+Qww=="],

    "@oxlint/darwin-x64": ["@oxlint/darwin-x64@1.34.0", "", { "os": "darwin", "cpu": "x64" }, "sha512-XpmNviE5KOnHkhmQPwJJIBs+mJkr0qItTZBN4dz+O3p9gWN+gCqi3CBP71RiVahZw4qAEQSgY4wro+z0kx+erg=="],

    "@oxlint/linux-arm64-gnu": ["@oxlint/linux-arm64-gnu@1.34.0", "", { "os": "linux", "cpu": "arm64" }, "sha512-aCPdoEUGsJGF9y88vDYoaugG4IEGwSBa+usyuAvEVl3vTfuTmE0RDQEC1Z+WnJ3J/cIEpbgKOzS12VwbzFicjg=="],

    "@oxlint/linux-arm64-musl": ["@oxlint/linux-arm64-musl@1.34.0", "", { "os": "linux", "cpu": "arm64" }, "sha512-cMo72LQBFmdnVLRKLAHD94ZUBq5Z+aA9Y+RKzkjhCmJuef5ZAfKC24TJD/6c5LxGYzkwwmyySoQAHq5B69i3PQ=="],

    "@oxlint/linux-x64-gnu": ["@oxlint/linux-x64-gnu@1.34.0", "", { "os": "linux", "cpu": "x64" }, "sha512-+9xFhhkqgNIysEh+uHvcba8v4UtL1YzxuyDS2wTLdWrkGvIllCx5WjJItt3K/AhwatciksgNEXSo2Hh4fcQRog=="],

    "@oxlint/linux-x64-musl": ["@oxlint/linux-x64-musl@1.34.0", "", { "os": "linux", "cpu": "x64" }, "sha512-qa7TL2DfEDdMeSP5UiU5JMs6D2PW7ZJAQ0WZYTgqDV8BlZ6nMkIYVBVIk3QPxIfkyxvfJVbG1RB3PkSWDcfwpA=="],

    "@oxlint/win32-arm64": ["@oxlint/win32-arm64@1.34.0", "", { "os": "win32", "cpu": "arm64" }, "sha512-mSJumUveg1S3DiOgvsrVNAGuvenBbbC/zsfT1qhltT+GLhJ7RPBK2I/jz0fTdE+I7M9/as8yc0XJ/eY23y2amA=="],

    "@oxlint/win32-x64": ["@oxlint/win32-x64@1.34.0", "", { "os": "win32", "cpu": "x64" }, "sha512-izsDDt5WY4FSISCkPRLUYQD1aRaaEJkPLtEZe3DlioSUdUVAdvVbE+BGllFqR16DWfTTwO/6K4jDeooxQzTMjw=="],

    "@sinclair/typebox": ["@sinclair/typebox@0.34.41", "", {}, "sha512-6gS8pZzSXdyRHTIqoqSVknxolr1kzfy4/CeDnrzsVz8TTIWUbOBr6gnzOmTYJ3eXQNh4IYHIGi5aIL7sOZ2G/g=="],

    "@standard-schema/spec": ["@standard-schema/spec@1.1.0", "", {}, "sha512-l2aFy5jALhniG5HgqrD6jXLi/rUWrKvqN/qJx6yoJsgKhblVd+iqqU4RCXavm/jPityDo5TCvKMnpjKnOriy0w=="],

    "@tokenizer/inflate": ["@tokenizer/inflate@0.4.1", "", { "dependencies": { "debug": "^4.4.3", "token-types": "^6.1.1" } }, "sha512-2mAv+8pkG6GIZiF1kNg1jAjh27IDxEPKwdGul3snfztFerfPGI1LjDezZp3i7BElXompqEtPmoPx6c2wgtWsOA=="],

    "@tokenizer/token": ["@tokenizer/token@0.3.0", "", {}, "sha512-OvjF+z51L3ov0OyAU0duzsYuvO01PH7x4t6DJx+guahgTnBHkhJdG7soQeTSFLWN3efnHyibZ4Z8l2EuWwJN3A=="],

    "@types/bun": ["@types/bun@1.3.5", "", { "dependencies": { "bun-types": "1.3.5" } }, "sha512-RnygCqNrd3srIPEWBd5LFeUYG7plCoH2Yw9WaZGyNmdTEei+gWaHqydbaIRkIkcbXwhBT94q78QljxN0Sk838w=="],

    "@types/node": ["@types/node@25.0.3", "", { "dependencies": { "undici-types": "~7.16.0" } }, "sha512-W609buLVRVmeW693xKfzHeIV6nJGGz98uCPfeXI1ELMLXVeKYZ9m15fAMSaUPBHYLGFsVRcMmSCksQOrZV9BYA=="],

    "bun-types": ["bun-types@1.3.5", "", { "dependencies": { "@types/node": "*" } }, "sha512-inmAYe2PFLs0SUbFOWSVD24sg1jFlMPxOjOSSCYqUgn4Hsc3rDc7dFvfVYjFPNHtov6kgUeulV4SxbuIV/stPw=="],

    "cookie": ["cookie@1.1.1", "", {}, "sha512-ei8Aos7ja0weRpFzJnEA9UHJ/7XQmqglbRwnf2ATjcB9Wq874VKH9kfjjirM6UhU2/E5fFYadylyhFldcqSidQ=="],

    "debug": ["debug@4.4.3", "", { "dependencies": { "ms": "^2.1.3" } }, "sha512-RGwwWnwQvkVfavKVt22FGLw+xYSdzARwm0ru6DhTVA3umU5hZc28V3kO4stgYryrTlLpuvgI9GiijltAjNbcqA=="],

    "elysia": ["elysia@1.4.19", "", { "dependencies": { "cookie": "^1.1.1", "exact-mirror": "0.2.5", "fast-decode-uri-component": "^1.0.1", "memoirist": "^0.4.0" }, "peerDependencies": { "@sinclair/typebox": ">= 0.34.0 < 1", "@types/bun": ">= 1.2.0", "file-type": ">= 20.0.0", "openapi-types": ">= 12.0.0", "typescript": ">= 5.0.0" }, "optionalPeers": ["@types/bun", "typescript"] }, "sha512-DZb9y8FnWyX5IuqY44SvqAV0DjJ15NeCWHrLdgXrKgTPDPsl3VNwWHqrEr9bmnOCpg1vh6QUvAX/tcxNj88jLA=="],

    "exact-mirror": ["exact-mirror@0.2.5", "", { "peerDependencies": { "@sinclair/typebox": "^0.34.15" }, "optionalPeers": ["@sinclair/typebox"] }, "sha512-u8Wu2lO8nio5lKSJubOydsdNtQmH8ENba5m0nbQYmTvsjksXKYIS1nSShdDlO8Uem+kbo+N6eD5I03cpZ+QsRQ=="],

    "fast-decode-uri-component": ["fast-decode-uri-component@1.0.1", "", {}, "sha512-WKgKWg5eUxvRZGwW8FvfbaH7AXSh2cL+3j5fMGzUMCxWBJ3dV3a7Wz8y2f/uQ0e3B6WmodD3oS54jTQ9HVTIIg=="],

    "file-type": ["file-type@21.1.1", "", { "dependencies": { "@tokenizer/inflate": "^0.4.1", "strtok3": "^10.3.4", "token-types": "^6.1.1", "uint8array-extras": "^1.4.0" } }, "sha512-ifJXo8zUqbQ/bLbl9sFoqHNTNWbnPY1COImFfM6CCy7z+E+jC1eY9YfOKkx0fckIg+VljAy2/87T61fp0+eEkg=="],

    "ieee754": ["ieee754@1.2.1", "", {}, "sha512-dcyqhDvX1C46lXZcVqCpK+FtMRQVdIMN6/Df5js2zouUsqG7I6sFxitIC+7KYK29KdXOLHdu9zL4sFnoVQnqaA=="],

    "kysely": ["kysely@0.27.6", "", {}, "sha512-FIyV/64EkKhJmjgC0g2hygpBv5RNWVPyNCqSAD7eTCv6eFWNIi4PN1UvdSJGicN/o35bnevgis4Y0UDC0qi8jQ=="],

    "memoirist": ["memoirist@0.4.0", "", {}, "sha512-zxTgA0mSYELa66DimuNQDvyLq36AwDlTuVRbnQtB+VuTcKWm5Qc4z3WkSpgsFWHNhexqkIooqpv4hdcqrX5Nmg=="],

    "ms": ["ms@2.1.3", "", {}, "sha512-6FlzubTLZG3J2a/NVCAleEhjzq5oxgHyaCU9yYXvcLsvoVaHJq/s5xXI6/XXP6tz7R9xAOtHnSO/tXtF3WRTlA=="],

    "openapi-types": ["openapi-types@12.1.3", "", {}, "sha512-N4YtSYJqghVu4iek2ZUvcN/0aqH1kRDuNqzcycDxhOUpg7GdvLa2F3DgS6yBNhInhv2r/6I0Flkn7CqL8+nIcw=="],

    "oxfmt": ["oxfmt@0.19.0", "", { "dependencies": { "tinypool": "2.0.0" }, "optionalDependencies": { "@oxfmt/darwin-arm64": "0.19.0", "@oxfmt/darwin-x64": "0.19.0", "@oxfmt/linux-arm64-gnu": "0.19.0", "@oxfmt/linux-arm64-musl": "0.19.0", "@oxfmt/linux-x64-gnu": "0.19.0", "@oxfmt/linux-x64-musl": "0.19.0", "@oxfmt/win32-arm64": "0.19.0", "@oxfmt/win32-x64": "0.19.0" }, "bin": { "oxfmt": "bin/oxfmt" } }, "sha512-tPTa3j4kXdJBzBRlK9wR0/Lnd4J21rzg29cRr/VVqqfvdhZs6M+Q6TkL+rxI/IQpq8ZY8L3c+KZvga/RgeuMsg=="],

    "oxlint": ["oxlint@1.34.0", "", { "optionalDependencies": { "@oxlint/darwin-arm64": "1.34.0", "@oxlint/darwin-x64": "1.34.0", "@oxlint/linux-arm64-gnu": "1.34.0", "@oxlint/linux-arm64-musl": "1.34.0", "@oxlint/linux-x64-gnu": "1.34.0", "@oxlint/linux-x64-musl": "1.34.0", "@oxlint/win32-arm64": "1.34.0", "@oxlint/win32-x64": "1.34.0" }, "peerDependencies": { "oxlint-tsgolint": ">=0.9.2" }, "optionalPeers": ["oxlint-tsgolint"], "bin": { "oxc_language_server": "bin/oxc_language_server", "oxlint": "bin/oxlint" } }, "sha512-Ni0N8wAiKlgaYkI/Yz4VrutfVIZgd2shDtS+loQxyBTwO8YUAnk3+g7OQ1cyI/aatHiFwvFNfV/uvZyHUtyPpA=="],

    "redaxios": ["redaxios@0.5.1", "", {}, "sha512-FSD2AmfdbkYwl7KDExYQlVvIrFz6Yd83pGfaGjBzM9F6rpq8g652Q4Yq5QD4c+nf4g2AgeElv1y+8ajUPiOYMg=="],

    "strtok3": ["strtok3@10.3.4", "", { "dependencies": { "@tokenizer/token": "^0.3.0" } }, "sha512-KIy5nylvC5le1OdaaoCJ07L+8iQzJHGH6pWDuzS+d07Cu7n1MZ2x26P8ZKIWfbK02+XIL8Mp4RkWeqdUCrDMfg=="],

    "tinypool": ["tinypool@2.0.0", "", {}, "sha512-/RX9RzeH2xU5ADE7n2Ykvmi9ED3FBGPAjw9u3zucrNNaEBIO0HPSYgL0NT7+3p147ojeSdaVu08F6hjpv31HJg=="],

    "token-types": ["token-types@6.1.1", "", { "dependencies": { "@borewit/text-codec": "^0.1.0", "@tokenizer/token": "^0.3.0", "ieee754": "^1.2.1" } }, "sha512-kh9LVIWH5CnL63Ipf0jhlBIy0UsrMj/NJDfpsy1SqOXlLKEVyXXYrnFxFT1yOOYVGBSApeVnjPw/sBz5BfEjAQ=="],

    "uint8array-extras": ["uint8array-extras@1.5.0", "", {}, "sha512-rvKSBiC5zqCCiDZ9kAOszZcDvdAHwwIKJG33Ykj43OKcWsnmcBRL09YTU4nOeHZ8Y2a7l1MgTd08SBe9A8Qj6A=="],

    "undici-types": ["undici-types@7.16.0", "", {}, "sha512-Zz+aZWSj8LE6zoxD+xrjh4VfkIG8Ya6LvYkZqtUQGJPZjYl53ypCaUwWqo7eI0x66KBGeRo+mlBEkMSeSZ38Nw=="],

    "zod": ["zod@4.2.1", "", {}, "sha512-0wZ1IRqGGhMP76gLqz8EyfBXKk0J2qo2+H3fi4mcUP/KtTocoX08nmIAHl1Z2kJIZbZee8KOpBCSNPRgauucjw=="],
  }
}
